
Microsoft Visual Studio Solution File, Format Version 12.00
# Visual Studio Version 17
VisualStudioVersion = 17.7.34202.233
MinimumVisualStudioVersion = 10.0.40219.1
Project("{FAE04EC0-301F-11D3-BF4B-00C04F79EFBC}") = "uyarla", "uyarla\uyarla.csproj", "{0A73C377-C84A-4004-8585-735E407B63FD}"
EndProject
Project("{2150E333-8FDC-42A3-9474-1A3956D46DE8}") = "Solution Items", "Solution Items", "{A2D683F6-53E9-4C6C-8C96-1C52E25D34EC}"
	ProjectSection(SolutionItems) = preProject
		.editorconfig = .editorconfig
	EndProjectSection
EndProject
Global
	GlobalSection(SolutionConfigurationPlatforms) = preSolution
		Debug|Any CPU = Debug|Any CPU
		Release|Any CPU = Release|Any CPU
	EndGlobalSection
	GlobalSection(ProjectConfigurationPlatforms) = postSolution
		{0A73C377-C84A-4004-8585-735E407B63FD}.Debug|Any CPU.ActiveCfg = Debug|Any CPU
		{0A73C377-C84A-4004-8585-735E407B63FD}.Debug|Any CPU.Build.0 = Debug|Any CPU
		{0A73C377-C84A-4004-8585-735E407B63FD}.Release|Any CPU.ActiveCfg = Release|Any CPU
		{0A73C377-C84A-4004-8585-735E407B63FD}.Release|Any CPU.Build.0 = Release|Any CPU
	EndGlobalSection
	GlobalSection(SolutionProperties) = preSolution
		HideSolutionNode = FALSE
	EndGlobalSection
	GlobalSection(ExtensibilityGlobals) = postSolution
		SolutionGuid = {9D392791-7A87-4D0F-89BC-1C3C79708668}
	EndGlobalSection
EndGlobal
